// !$*UTF8*$!
{
	archiveVersion = 1;
	classes = {
	};
	objectVersion = 46;
	objects = {

/* Begin PBXBuildFile section */
		8B22223D1D96627200EA1A01 /* CollectionViewCell.swift in Sources */ = {isa = PBXBuildFile; fileRef = 8B22223C1D96627200EA1A01 /* CollectionViewCell.swift */; };
		8B22223F1D9662B000EA1A01 /* ImageCache.swift in Sources */ = {isa = PBXBuildFile; fileRef = 8B22223E1D9662B000EA1A01 /* ImageCache.swift */; };
		8B2222411D9662FF00EA1A01 /* InstaAPI.swift in Sources */ = {isa = PBXBuildFile; fileRef = 8B2222401D9662FF00EA1A01 /* InstaAPI.swift */; };
		8B2222431D96633200EA1A01 /* CollectionDataSource.swift in Sources */ = {isa = PBXBuildFile; fileRef = 8B2222421D96633200EA1A01 /* CollectionDataSource.swift */; };
		8B2222451D96636A00EA1A01 /* CollectionView.swift in Sources */ = {isa = PBXBuildFile; fileRef = 8B2222441D96636A00EA1A01 /* CollectionView.swift */; };
		8B2222471D9664EC00EA1A01 /* LoginViewController.swift in Sources */ = {isa = PBXBuildFile; fileRef = 8B2222461D9664EC00EA1A01 /* LoginViewController.swift */; };
		8B2222491D96650E00EA1A01 /* LoginView.swift in Sources */ = {isa = PBXBuildFile; fileRef = 8B2222481D96650E00EA1A01 /* LoginView.swift */; };
		8B8170931D9856B900A021BC /* Image.swift in Sources */ = {isa = PBXBuildFile; fileRef = 8B8170921D9856B900A021BC /* Image.swift */; };
		8B8170951D98578B00A021BC /* FeedParser.swift in Sources */ = {isa = PBXBuildFile; fileRef = 8B8170941D98578B00A021BC /* FeedParser.swift */; };
		8BAFF5871D9980F2004F5670 /* DeteilViewController.swift in Sources */ = {isa = PBXBuildFile; fileRef = 8BAFF5861D9980F2004F5670 /* DeteilViewController.swift */; };
		8BAFF5891D99813F004F5670 /* DeteilView.swift in Sources */ = {isa = PBXBuildFile; fileRef = 8BAFF5881D99813F004F5670 /* DeteilView.swift */; };
		8BC181FE1D9A72D7009B11A2 /* ActivityView.swift in Sources */ = {isa = PBXBuildFile; fileRef = 8BC181FD1D9A72D7009B11A2 /* ActivityView.swift */; };
		8BC182011D9A9359009B11A2 /* Fevarites+CoreDataClass.swift in Sources */ = {isa = PBXBuildFile; fileRef = 8BC181FF1D9A9359009B11A2 /* Fevarites+CoreDataClass.swift */; };
		8BC182041D9A9914009B11A2 /* CoreDataService.swift in Sources */ = {isa = PBXBuildFile; fileRef = 8BC182031D9A9914009B11A2 /* CoreDataService.swift */; };
		8BC182081D9AA2CD009B11A2 /* ConnectingToNetwork.swift in Sources */ = {isa = PBXBuildFile; fileRef = 8BC182071D9AA2CD009B11A2 /* ConnectingToNetwork.swift */; };
		8BE070B71D9660D60029DCA2 /* AppDelegate.swift in Sources */ = {isa = PBXBuildFile; fileRef = 8BE070B61D9660D60029DCA2 /* AppDelegate.swift */; };
		8BE070B91D9660D60029DCA2 /* CollectionViewController.swift in Sources */ = {isa = PBXBuildFile; fileRef = 8BE070B81D9660D60029DCA2 /* CollectionViewController.swift */; };
		8BE070BC1D9660D60029DCA2 /* Main.storyboard in Resources */ = {isa = PBXBuildFile; fileRef = 8BE070BA1D9660D60029DCA2 /* Main.storyboard */; };
		8BE070BF1D9660D60029DCA2 /* InstaTag.xcdatamodeld in Sources */ = {isa = PBXBuildFile; fileRef = 8BE070BD1D9660D60029DCA2 /* InstaTag.xcdatamodeld */; };
		8BE070C11D9660D60029DCA2 /* Assets.xcassets in Resources */ = {isa = PBXBuildFile; fileRef = 8BE070C01D9660D60029DCA2 /* Assets.xcassets */; };
		8BE070C41D9660D60029DCA2 /* LaunchScreen.storyboard in Resources */ = {isa = PBXBuildFile; fileRef = 8BE070C21D9660D60029DCA2 /* LaunchScreen.storyboard */; };
/* End PBXBuildFile section */

/* Begin PBXFileReference section */
		8B22223C1D96627200EA1A01 /* CollectionViewCell.swift */ = {isa = PBXFileReference; fileEncoding = 4; lastKnownFileType = sourcecode.swift; path = CollectionViewCell.swift; sourceTree = "<group>"; };
		8B22223E1D9662B000EA1A01 /* ImageCache.swift */ = {isa = PBXFileReference; fileEncoding = 4; lastKnownFileType = sourcecode.swift; path = ImageCache.swift; sourceTree = "<group>"; };
		8B2222401D9662FF00EA1A01 /* InstaAPI.swift */ = {isa = PBXFileReference; fileEncoding = 4; lastKnownFileType = sourcecode.swift; path = InstaAPI.swift; sourceTree = "<group>"; };
		8B2222421D96633200EA1A01 /* CollectionDataSource.swift */ = {isa = PBXFileReference; fileEncoding = 4; lastKnownFileType = sourcecode.swift; path = CollectionDataSource.swift; sourceTree = "<group>"; };
		8B2222441D96636A00EA1A01 /* CollectionView.swift */ = {isa = PBXFileReference; fileEncoding = 4; lastKnownFileType = sourcecode.swift; path = CollectionView.swift; sourceTree = "<group>"; };
		8B2222461D9664EC00EA1A01 /* LoginViewController.swift */ = {isa = PBXFileReference; fileEncoding = 4; lastKnownFileType = sourcecode.swift; path = LoginViewController.swift; sourceTree = "<group>"; };
		8B2222481D96650E00EA1A01 /* LoginView.swift */ = {isa = PBXFileReference; fileEncoding = 4; lastKnownFileType = sourcecode.swift; path = LoginView.swift; sourceTree = "<group>"; };
		8B8170921D9856B900A021BC /* Image.swift */ = {isa = PBXFileReference; fileEncoding = 4; lastKnownFileType = sourcecode.swift; path = Image.swift; sourceTree = "<group>"; };
		8B8170941D98578B00A021BC /* FeedParser.swift */ = {isa = PBXFileReference; fileEncoding = 4; lastKnownFileType = sourcecode.swift; path = FeedParser.swift; sourceTree = "<group>"; };
		8BAFF5861D9980F2004F5670 /* DeteilViewController.swift */ = {isa = PBXFileReference; fileEncoding = 4; lastKnownFileType = sourcecode.swift; path = DeteilViewController.swift; sourceTree = "<group>"; };
		8BAFF5881D99813F004F5670 /* DeteilView.swift */ = {isa = PBXFileReference; fileEncoding = 4; lastKnownFileType = sourcecode.swift; path = DeteilView.swift; sourceTree = "<group>"; };
		8BC181FD1D9A72D7009B11A2 /* ActivityView.swift */ = {isa = PBXFileReference; fileEncoding = 4; lastKnownFileType = sourcecode.swift; path = ActivityView.swift; sourceTree = "<group>"; };
		8BC181FF1D9A9359009B11A2 /* Fevarites+CoreDataClass.swift */ = {isa = PBXFileReference; fileEncoding = 4; lastKnownFileType = sourcecode.swift; name = "Fevarites+CoreDataClass.swift"; path = "../Fevarites+CoreDataClass.swift"; sourceTree = "<group>"; };
		8BC182031D9A9914009B11A2 /* CoreDataService.swift */ = {isa = PBXFileReference; fileEncoding = 4; lastKnownFileType = sourcecode.swift; path = CoreDataService.swift; sourceTree = "<group>"; };
		8BC182071D9AA2CD009B11A2 /* ConnectingToNetwork.swift */ = {isa = PBXFileReference; fileEncoding = 4; lastKnownFileType = sourcecode.swift; path = ConnectingToNetwork.swift; sourceTree = "<group>"; };
		8BE070B31D9660D60029DCA2 /* InstaTag.app */ = {isa = PBXFileReference; explicitFileType = wrapper.application; includeInIndex = 0; path = InstaTag.app; sourceTree = BUILT_PRODUCTS_DIR; };
		8BE070B61D9660D60029DCA2 /* AppDelegate.swift */ = {isa = PBXFileReference; lastKnownFileType = sourcecode.swift; path = AppDelegate.swift; sourceTree = "<group>"; };
		8BE070B81D9660D60029DCA2 /* CollectionViewController.swift */ = {isa = PBXFileReference; lastKnownFileType = sourcecode.swift; path = CollectionViewController.swift; sourceTree = "<group>"; };
		8BE070BB1D9660D60029DCA2 /* Base */ = {isa = PBXFileReference; lastKnownFileType = file.storyboard; name = Base; path = Base.lproj/Main.storyboard; sourceTree = "<group>"; };
		8BE070BE1D9660D60029DCA2 /* InstaTag.xcdatamodel */ = {isa = PBXFileReference; lastKnownFileType = wrapper.xcdatamodel; path = InstaTag.xcdatamodel; sourceTree = "<group>"; };
		8BE070C01D9660D60029DCA2 /* Assets.xcassets */ = {isa = PBXFileReference; lastKnownFileType = folder.assetcatalog; path = Assets.xcassets; sourceTree = "<group>"; };
		8BE070C31D9660D60029DCA2 /* Base */ = {isa = PBXFileReference; lastKnownFileType = file.storyboard; name = Base; path = Base.lproj/LaunchScreen.storyboard; sourceTree = "<group>"; };
		8BE070C51D9660D60029DCA2 /* Info.plist */ = {isa = PBXFileReference; lastKnownFileType = text.plist.xml; path = Info.plist; sourceTree = "<group>"; };
/* End PBXFileReference section */

/* Begin PBXFrameworksBuildPhase section */
		8BE070B01D9660D60029DCA2 /* Frameworks */ = {
			isa = PBXFrameworksBuildPhase;
			buildActionMask = 2147483647;
			files = (
			);
			runOnlyForDeploymentPostprocessing = 0;
		};
/* End PBXFrameworksBuildPhase section */

/* Begin PBXGroup section */
		8B2222391D9661FF00EA1A01 /* Model */ = {
			isa = PBXGroup;
			children = (
				8B2222401D9662FF00EA1A01 /* InstaAPI.swift */,
				8B8170921D9856B900A021BC /* Image.swift */,
			);
			name = Model;
			sourceTree = "<group>";
		};
		8B22223A1D96620800EA1A01 /* View */ = {
			isa = PBXGroup;
			children = (
				8B22223C1D96627200EA1A01 /* CollectionViewCell.swift */,
				8B2222441D96636A00EA1A01 /* CollectionView.swift */,
				8B2222481D96650E00EA1A01 /* LoginView.swift */,
				8BAFF5881D99813F004F5670 /* DeteilView.swift */,
				8BC181FD1D9A72D7009B11A2 /* ActivityView.swift */,
			);
			name = View;
			sourceTree = "<group>";
		};
		8B22223B1D96620D00EA1A01 /* Controller */ = {
			isa = PBXGroup;
			children = (
				8BE070B81D9660D60029DCA2 /* CollectionViewController.swift */,
				8B2222461D9664EC00EA1A01 /* LoginViewController.swift */,
				8BAFF5861D9980F2004F5670 /* DeteilViewController.swift */,
			);
			name = Controller;
			sourceTree = "<group>";
		};
		8BE070AA1D9660D50029DCA2 = {
			isa = PBXGroup;
			children = (
				8BE070B51D9660D60029DCA2 /* InstaTag */,
				8BE070B41D9660D60029DCA2 /* Products */,
			);
			sourceTree = "<group>";
		};
		8BE070B41D9660D60029DCA2 /* Products */ = {
			isa = PBXGroup;
			children = (
				8BE070B31D9660D60029DCA2 /* InstaTag.app */,
			);
			name = Products;
			sourceTree = "<group>";
		};
		8BE070B51D9660D60029DCA2 /* InstaTag */ = {
			isa = PBXGroup;
			children = (
				8B22223B1D96620D00EA1A01 /* Controller */,
				8B22223A1D96620800EA1A01 /* View */,
				8B2222391D9661FF00EA1A01 /* Model */,
				8BE070B61D9660D60029DCA2 /* AppDelegate.swift */,
				8BE070BA1D9660D60029DCA2 /* Main.storyboard */,
				8BE070C01D9660D60029DCA2 /* Assets.xcassets */,
				8BE070C21D9660D60029DCA2 /* LaunchScreen.storyboard */,
				8BE070C51D9660D60029DCA2 /* Info.plist */,
				8BE070BD1D9660D60029DCA2 /* InstaTag.xcdatamodeld */,
				8B22223E1D9662B000EA1A01 /* ImageCache.swift */,
				8B2222421D96633200EA1A01 /* CollectionDataSource.swift */,
				8B8170941D98578B00A021BC /* FeedParser.swift */,
				8BC181FF1D9A9359009B11A2 /* Fevarites+CoreDataClass.swift */,
				8BC182031D9A9914009B11A2 /* CoreDataService.swift */,
				8BC182071D9AA2CD009B11A2 /* ConnectingToNetwork.swift */,
			);
			path = InstaTag;
			sourceTree = "<group>";
		};
/* End PBXGroup section */

/* Begin PBXNativeTarget section */
		8BE070B21D9660D60029DCA2 /* InstaTag */ = {
			isa = PBXNativeTarget;
			buildConfigurationList = 8BE070C81D9660D60029DCA2 /* Build configuration list for PBXNativeTarget "InstaTag" */;
			buildPhases = (
				8BE070AF1D9660D60029DCA2 /* Sources */,
				8BE070B01D9660D60029DCA2 /* Frameworks */,
				8BE070B11D9660D60029DCA2 /* Resources */,
			);
			buildRules = (
			);
			dependencies = (
			);
			name = InstaTag;
			productName = InstaTag;
			productReference = 8BE070B31D9660D60029DCA2 /* InstaTag.app */;
			productType = "com.apple.product-type.application";
		};
/* End PBXNativeTarget section */

/* Begin PBXProject section */
		8BE070AB1D9660D50029DCA2 /* Project object */ = {
			isa = PBXProject;
			attributes = {
				LastSwiftUpdateCheck = 0800;
				LastUpgradeCheck = 0800;
				ORGANIZATIONNAME = ErikVildanov;
				TargetAttributes = {
					8BE070B21D9660D60029DCA2 = {
						CreatedOnToolsVersion = 8.0;
						DevelopmentTeam = D423L8TC7V;
						ProvisioningStyle = Automatic;
					};
				};
			};
			buildConfigurationList = 8BE070AE1D9660D50029DCA2 /* Build configuration list for PBXProject "InstaTag" */;
			compatibilityVersion = "Xcode 3.2";
			developmentRegion = English;
			hasScannedForEncodings = 0;
			knownRegions = (
				en,
				Base,
			);
			mainGroup = 8BE070AA1D9660D50029DCA2;
			productRefGroup = 8BE070B41D9660D60029DCA2 /* Products */;
			projectDirPath = "";
			projectRoot = "";
			targets = (
				8BE070B21D9660D60029DCA2 /* InstaTag */,
			);
		};
/* End PBXProject section */

/* Begin PBXResourcesBuildPhase section */
		8BE070B11D9660D60029DCA2 /* Resources */ = {
			isa = PBXResourcesBuildPhase;
			buildActionMask = 2147483647;
			files = (
				8BE070C41D9660D60029DCA2 /* LaunchScreen.storyboard in Resources */,
				8BE070C11D9660D60029DCA2 /* Assets.xcassets in Resources */,
				8BE070BC1D9660D60029DCA2 /* Main.storyboard in Resources */,
			);
			runOnlyForDeploymentPostprocessing = 0;
		};
/* End PBXResourcesBuildPhase section */

/* Begin PBXSourcesBuildPhase section */
		8BE070AF1D9660D60029DCA2 /* Sources */ = {
			isa = PBXSourcesBuildPhase;
			buildActionMask = 2147483647;
			files = (
				8BC182041D9A9914009B11A2 /* CoreDataService.swift in Sources */,
				8BAFF5871D9980F2004F5670 /* DeteilViewController.swift in Sources */,
				8B2222471D9664EC00EA1A01 /* LoginViewController.swift in Sources */,
				8BC182081D9AA2CD009B11A2 /* ConnectingToNetwork.swift in Sources */,
				8B8170931D9856B900A021BC /* Image.swift in Sources */,
				8B22223F1D9662B000EA1A01 /* ImageCache.swift in Sources */,
				8BE070BF1D9660D60029DCA2 /* InstaTag.xcdatamodeld in Sources */,
				8BE070B91D9660D60029DCA2 /* CollectionViewController.swift in Sources */,
				8BC182011D9A9359009B11A2 /* Fevarites+CoreDataClass.swift in Sources */,
				8B22223D1D96627200EA1A01 /* CollectionViewCell.swift in Sources */,
				8BAFF5891D99813F004F5670 /* DeteilView.swift in Sources */,
				8BC181FE1D9A72D7009B11A2 /* ActivityView.swift in Sources */,
				8B2222431D96633200EA1A01 /* CollectionDataSource.swift in Sources */,
				8B8170951D98578B00A021BC /* FeedParser.swift in Sources */,
				8B2222411D9662FF00EA1A01 /* InstaAPI.swift in Sources */,
				8B2222451D96636A00EA1A01 /* CollectionView.swift in Sources */,
				8B2222491D96650E00EA1A01 /* LoginView.swift in Sources */,
				8BE070B71D9660D60029DCA2 /* AppDelegate.swift in Sources */,
			);
			runOnlyForDeploymentPostprocessing = 0;
		};
/* End PBXSourcesBuildPhase section */

/* Begin PBXVariantGroup section */
		8BE070BA1D9660D60029DCA2 /* Main.storyboard */ = {
			isa = PBXVariantGroup;
			children = (
				8BE070BB1D9660D60029DCA2 /* Base */,
			);
			name = Main.storyboard;
			sourceTree = "<group>";
		};
		8BE070C21D9660D60029DCA2 /* LaunchScreen.storyboard */ = {
			isa = PBXVariantGroup;
			children = (
				8BE070C31D9660D60029DCA2 /* Base */,
			);
			name = LaunchScreen.storyboard;
			sourceTree = "<group>";
		};
/* End PBXVariantGroup section */

/* Begin XCBuildConfiguration section */
		8BE070C61D9660D60029DCA2 /* Debug */ = {
			isa = XCBuildConfiguration;
			buildSettings = {
				ALWAYS_SEARCH_USER_PATHS = NO;
				CLANG_ANALYZER_NONNULL = YES;
				CLANG_CXX_LANGUAGE_STANDARD = "gnu++0x";
				CLANG_CXX_LIBRARY = "libc++";
				CLANG_ENABLE_MODULES = YES;
				CLANG_ENABLE_OBJC_ARC = YES;
				CLANG_WARN_BOOL_CONVERSION = YES;
				CLANG_WARN_CONSTANT_CONVERSION = YES;
				CLANG_WARN_DIRECT_OBJC_ISA_USAGE = YES_ERROR;
				CLANG_WARN_DOCUMENTATION_COMMENTS = YES;
				CLANG_WARN_EMPTY_BODY = YES;
				CLANG_WARN_ENUM_CONVERSION = YES;
				CLANG_WARN_INFINITE_RECURSION = YES;
				CLANG_WARN_INT_CONVERSION = YES;
				CLANG_WARN_OBJC_ROOT_CLASS = YES_ERROR;
				CLANG_WARN_SUSPICIOUS_MOVES = YES;
				CLANG_WARN_UNREACHABLE_CODE = YES;
				CLANG_WARN__DUPLICATE_METHOD_MATCH = YES;
				"CODE_SIGN_IDENTITY[sdk=iphoneos*]" = "iPhone Developer";
				COPY_PHASE_STRIP = NO;
				DEBUG_INFORMATION_FORMAT = dwarf;
				ENABLE_STRICT_OBJC_MSGSEND = YES;
				ENABLE_TESTABILITY = YES;
				GCC_C_LANGUAGE_STANDARD = gnu99;
				GCC_DYNAMIC_NO_PIC = NO;
				GCC_NO_COMMON_BLOCKS = YES;
				GCC_OPTIMIZATION_LEVEL = 0;
				GCC_PREPROCESSOR_DEFINITIONS = (
					"DEBUG=1",
					"$(inherited)",
				);
				GCC_WARN_64_TO_32_BIT_CONVERSION = YES;
				GCC_WARN_ABOUT_RETURN_TYPE = YES_ERROR;
				GCC_WARN_UNDECLARED_SELECTOR = YES;
				GCC_WARN_UNINITIALIZED_AUTOS = YES_AGGRESSIVE;
				GCC_WARN_UNUSED_FUNCTION = YES;
				GCC_WARN_UNUSED_VARIABLE = YES;
				IPHONEOS_DEPLOYMENT_TARGET = 10.0;
				MTL_ENABLE_DEBUG_INFO = YES;
				ONLY_ACTIVE_ARCH = YES;
				SDKROOT = iphoneos;
				SWIFT_ACTIVE_COMPILATION_CONDITIONS = DEBUG;
				SWIFT_OPTIMIZATION_LEVEL = "-Onone";
			};
			name = Debug;
		};
		8BE070C71D9660D60029DCA2 /* Release */ = {
			isa = XCBuildConfiguration;
			buildSettings = {
				ALWAYS_SEARCH_USER_PATHS = NO;
				CLANG_ANALYZER_NONNULL = YES;
				CLANG_CXX_LANGUAGE_STANDARD = "gnu++0x";
				CLANG_CXX_LIBRARY = "libc++";
				CLANG_ENABLE_MODULES = YES;
				CLANG_ENABLE_OBJC_ARC = YES;
				CLANG_WARN_BOOL_CONVERSION = YES;
				CLANG_WARN_CONSTANT_CONVERSION = YES;
				CLANG_WARN_DIRECT_OBJC_ISA_USAGE = YES_ERROR;
				CLANG_WARN_DOCUMENTATION_COMMENTS = YES;
				CLANG_WARN_EMPTY_BODY = YES;
				CLANG_WARN_ENUM_CONVERSION = YES;
				CLANG_WARN_INFINITE_RECURSION = YES;
				CLANG_WARN_INT_CONVERSION = YES;
				CLANG_WARN_OBJC_ROOT_CLASS = YES_ERROR;
				CLANG_WARN_SUSPICIOUS_MOVES = YES;
				CLANG_WARN_UNREACHABLE_CODE = YES;
				CLANG_WARN__DUPLICATE_METHOD_MATCH = YES;
				"CODE_SIGN_IDENTITY[sdk=iphoneos*]" = "iPhone Developer";
				COPY_PHASE_STRIP = NO;
				DEBUG_INFORMATION_FORMAT = "dwarf-with-dsym";
				ENABLE_NS_ASSERTIONS = NO;
				ENABLE_STRICT_OBJC_MSGSEND = YES;
				GCC_C_LANGUAGE_STANDARD = gnu99;
				GCC_NO_COMMON_BLOCKS = YES;
				GCC_WARN_64_TO_32_BIT_CONVERSION = YES;
				GCC_WARN_ABOUT_RETURN_TYPE = YES_ERROR;
				GCC_WARN_UNDECLARED_SELECTOR = YES;
				GCC_WARN_UNINITIALIZED_AUTOS = YES_AGGRESSIVE;
				GCC_WARN_UNUSED_FUNCTION = YES;
				GCC_WARN_UNUSED_VARIABLE = YES;
				IPHONEOS_DEPLOYMENT_TARGET = 10.0;
				MTL_ENABLE_DEBUG_INFO = NO;
				SDKROOT = iphoneos;
				SWIFT_OPTIMIZATION_LEVEL = "-Owholemodule";
				VALIDATE_PRODUCT = YES;
			};
			name = Release;
		};
		8BE070C91D9660D60029DCA2 /* Debug */ = {
			isa = XCBuildConfiguration;
			buildSettings = {
				ASSETCATALOG_COMPILER_APPICON_NAME = AppIcon;
				DEVELOPMENT_TEAM = D423L8TC7V;
				INFOPLIST_FILE = InstaTag/Info.plist;
				LD_RUNPATH_SEARCH_PATHS = "$(inherited) @executable_path/Frameworks";
				PRODUCT_BUNDLE_IDENTIFIER = BOTcompany.InstaTag;
				PRODUCT_NAME = "$(TARGET_NAME)";
				SWIFT_VERSION = 3.0;
			};
			name = Debug;
		};
		8BE070CA1D9660D60029DCA2 /* Release */ = {
			isa = XCBuildConfiguration;
			buildSettings = {
				ASSETCATALOG_COMPILER_APPICON_NAME = AppIcon;
				DEVELOPMENT_TEAM = D423L8TC7V;
				INFOPLIST_FILE = InstaTag/Info.plist;
				LD_RUNPATH_SEARCH_PATHS = "$(inherited) @executable_path/Frameworks";
				PRODUCT_BUNDLE_IDENTIFIER = BOTcompany.InstaTag;
				PRODUCT_NAME = "$(TARGET_NAME)";
				SWIFT_VERSION = 3.0;
			};
			name = Release;
		};
/* End XCBuildConfiguration section */

/* Begin XCConfigurationList section */
		8BE070AE1D9660D50029DCA2 /* Build configuration list for PBXProject "InstaTag" */ = {
			isa = XCConfigurationList;
			buildConfigurations = (
				8BE070C61D9660D60029DCA2 /* Debug */,
				8BE070C71D9660D60029DCA2 /* Release */,
			);
			defaultConfigurationIsVisible = 0;
			defaultConfigurationName = Release;
		};
		8BE070C81D9660D60029DCA2 /* Build configuration list for PBXNativeTarget "InstaTag" */ = {
			isa = XCConfigurationList;
			buildConfigurations = (
				8BE070C91D9660D60029DCA2 /* Debug */,
				8BE070CA1D9660D60029DCA2 /* Release */,
			);
			defaultConfigurationIsVisible = 0;
			defaultConfigurationName = Release;
		};
/* End XCConfigurationList section */

/* Begin XCVersionGroup section */
		8BE070BD1D9660D60029DCA2 /* InstaTag.xcdatamodeld */ = {
			isa = XCVersionGroup;
			children = (
				8BE070BE1D9660D60029DCA2 /* InstaTag.xcdatamodel */,
			);
			currentVersion = 8BE070BE1D9660D60029DCA2 /* InstaTag.xcdatamodel */;
			path = InstaTag.xcdatamodeld;
			sourceTree = "<group>";
			versionGroupType = wrapper.xcdatamodel;
		};
/* End XCVersionGroup section */
	};
	rootObject = 8BE070AB1D9660D50029DCA2 /* Project object */;
}
